
Microsoft Visual Studio Solution File, Format Version 12.00
# Visual Studio Version 17
VisualStudioVersion = 17.2.32516.85
MinimumVisualStudioVersion = 10.0.40219.1
Project("{9A19103F-16F7-4668-BE54-9A1E7A4F7556}") = "Task1", "Task1\Task1.csproj", "{7558D22A-03FB-4325-9873-17849C641CFF}"
EndProject
Project("{FAE04EC0-301F-11D3-BF4B-00C04F79EFBC}") = "Task2", "Task2\Task2.csproj", "{8E842812-041E-448A-B2E9-0E81A564F994}"
EndProject
Global
	GlobalSection(SolutionConfigurationPlatforms) = preSolution
		Debug|Any CPU = Debug|Any CPU
		Release|Any CPU = Release|Any CPU
	EndGlobalSection
	GlobalSection(ProjectConfigurationPlatforms) = postSolution
		{7558D22A-03FB-4325-9873-17849C641CFF}.Debug|Any CPU.ActiveCfg = Debug|Any CPU
		{7558D22A-03FB-4325-9873-17849C641CFF}.Debug|Any CPU.Build.0 = Debug|Any CPU
		{7558D22A-03FB-4325-9873-17849C641CFF}.Release|Any CPU.ActiveCfg = Release|Any CPU
		{7558D22A-03FB-4325-9873-17849C641CFF}.Release|Any CPU.Build.0 = Release|Any CPU
		{8E842812-041E-448A-B2E9-0E81A564F994}.Debug|Any CPU.ActiveCfg = Debug|Any CPU
		{8E842812-041E-448A-B2E9-0E81A564F994}.Debug|Any CPU.Build.0 = Debug|Any CPU
		{8E842812-041E-448A-B2E9-0E81A564F994}.Release|Any CPU.ActiveCfg = Release|Any CPU
		{8E842812-041E-448A-B2E9-0E81A564F994}.Release|Any CPU.Build.0 = Release|Any CPU
	EndGlobalSection
	GlobalSection(SolutionProperties) = preSolution
		HideSolutionNode = FALSE
	EndGlobalSection
	GlobalSection(ExtensibilityGlobals) = postSolution
		SolutionGuid = {E2212063-8D94-495A-AE49-F7A971C9D920}
	EndGlobalSection
EndGlobal
